// !$*UTF8*$!
{
	archiveVersion = 1;
	classes = {
	};
	objectVersion = 56;
	objects = {

/* Begin PBXBuildFile section */
		160322F2C37F7907A32D2BCD /* Pods_PaginationWithThread_PaginationWithThreadUITests.framework in Frameworks */ = {isa = PBXBuildFile; fileRef = 9CDF3C5402264CFB2C566ECD /* Pods_PaginationWithThread_PaginationWithThreadUITests.framework */; };
		523EF0DCA43B42D7D9C1A43F /* Pods_PaginationWithThreadTests.framework in Frameworks */ = {isa = PBXBuildFile; fileRef = 6666F923E8DBE3579EE0DCF2 /* Pods_PaginationWithThreadTests.framework */; };
		615C29BABA389D27E0068243 /* Pods_PaginationWithThread.framework in Frameworks */ = {isa = PBXBuildFile; fileRef = 7028640963A478BBC1A88046 /* Pods_PaginationWithThread.framework */; };
		BDC8F4442C2F1C98006235E5 /* AppDelegate.swift in Sources */ = {isa = PBXBuildFile; fileRef = BDC8F4432C2F1C98006235E5 /* AppDelegate.swift */; };
		BDC8F4462C2F1C98006235E5 /* SceneDelegate.swift in Sources */ = {isa = PBXBuildFile; fileRef = BDC8F4452C2F1C98006235E5 /* SceneDelegate.swift */; };
		BDC8F4482C2F1C98006235E5 /* QuotesViewController.swift in Sources */ = {isa = PBXBuildFile; fileRef = BDC8F4472C2F1C98006235E5 /* QuotesViewController.swift */; };
		BDC8F44B2C2F1C98006235E5 /* Base in Resources */ = {isa = PBXBuildFile; fileRef = BDC8F44A2C2F1C98006235E5 /* Base */; };
		BDC8F44D2C2F1C9A006235E5 /* Assets.xcassets in Resources */ = {isa = PBXBuildFile; fileRef = BDC8F44C2C2F1C9A006235E5 /* Assets.xcassets */; };
		BDC8F4502C2F1C9A006235E5 /* Base in Resources */ = {isa = PBXBuildFile; fileRef = BDC8F44F2C2F1C9A006235E5 /* Base */; };
		BDC8F45B2C2F1C9A006235E5 /* PaginationWithThreadTests.swift in Sources */ = {isa = PBXBuildFile; fileRef = BDC8F45A2C2F1C9A006235E5 /* PaginationWithThreadTests.swift */; };
		BDC8F4652C2F1C9A006235E5 /* PaginationWithThreadUITests.swift in Sources */ = {isa = PBXBuildFile; fileRef = BDC8F4642C2F1C9A006235E5 /* PaginationWithThreadUITests.swift */; };
		BDC8F4672C2F1C9A006235E5 /* PaginationWithThreadUITestsLaunchTests.swift in Sources */ = {isa = PBXBuildFile; fileRef = BDC8F4662C2F1C9A006235E5 /* PaginationWithThreadUITestsLaunchTests.swift */; };
		BDC8F4742C2F1CAF006235E5 /* QuotesViewModel.swift in Sources */ = {isa = PBXBuildFile; fileRef = BDC8F4732C2F1CAF006235E5 /* QuotesViewModel.swift */; };
		BDC8F4782C2F1CC2006235E5 /* Model.swift in Sources */ = {isa = PBXBuildFile; fileRef = BDC8F4772C2F1CC2006235E5 /* Model.swift */; };
		BDC8F47A2C2F22C0006235E5 /* QuoteTableViewCell.swift in Sources */ = {isa = PBXBuildFile; fileRef = BDC8F4792C2F22C0006235E5 /* QuoteTableViewCell.swift */; };
		BDD0891B2C2F398800EEED87 /* NetworkManager.swift in Sources */ = {isa = PBXBuildFile; fileRef = BDD0891A2C2F398800EEED87 /* NetworkManager.swift */; };
		BDD0894B2C2F480B00EEED87 /* NoDataView.swift in Sources */ = {isa = PBXBuildFile; fileRef = BDD089462C2F480B00EEED87 /* NoDataView.swift */; };
		BDD0894C2C2F480B00EEED87 /* NoDataView.xib in Resources */ = {isa = PBXBuildFile; fileRef = BDD089472C2F480B00EEED87 /* NoDataView.xib */; };
		BDD0894D2C2F480B00EEED87 /* NoInternetView.swift in Sources */ = {isa = PBXBuildFile; fileRef = BDD089482C2F480B00EEED87 /* NoInternetView.swift */; };
		BDD0894E2C2F480B00EEED87 /* NoInternetView.xib in Resources */ = {isa = PBXBuildFile; fileRef = BDD089492C2F480B00EEED87 /* NoInternetView.xib */; };
/* End PBXBuildFile section */

/* Begin PBXContainerItemProxy section */
		BDC8F4572C2F1C9A006235E5 /* PBXContainerItemProxy */ = {
			isa = PBXContainerItemProxy;
			containerPortal = BDC8F4382C2F1C98006235E5 /* Project object */;
			proxyType = 1;
			remoteGlobalIDString = BDC8F43F2C2F1C98006235E5;
			remoteInfo = PaginationWithThread;
		};
		BDC8F4612C2F1C9A006235E5 /* PBXContainerItemProxy */ = {
			isa = PBXContainerItemProxy;
			containerPortal = BDC8F4382C2F1C98006235E5 /* Project object */;
			proxyType = 1;
			remoteGlobalIDString = BDC8F43F2C2F1C98006235E5;
			remoteInfo = PaginationWithThread;
		};
/* End PBXContainerItemProxy section */

/* Begin PBXFileReference section */
		384496A91A4D48EF0E55AC25 /* Pods-PaginationWithThreadTests.debug.xcconfig */ = {isa = PBXFileReference; includeInIndex = 1; lastKnownFileType = text.xcconfig; name = "Pods-PaginationWithThreadTests.debug.xcconfig"; path = "Target Support Files/Pods-PaginationWithThreadTests/Pods-PaginationWithThreadTests.debug.xcconfig"; sourceTree = "<group>"; };
		53567A34C866910A1B1A02EC /* Pods-PaginationWithThread-PaginationWithThreadUITests.release.xcconfig */ = {isa = PBXFileReference; includeInIndex = 1; lastKnownFileType = text.xcconfig; name = "Pods-PaginationWithThread-PaginationWithThreadUITests.release.xcconfig"; path = "Target Support Files/Pods-PaginationWithThread-PaginationWithThreadUITests/Pods-PaginationWithThread-PaginationWithThreadUITests.release.xcconfig"; sourceTree = "<group>"; };
		6666F923E8DBE3579EE0DCF2 /* Pods_PaginationWithThreadTests.framework */ = {isa = PBXFileReference; explicitFileType = wrapper.framework; includeInIndex = 0; path = Pods_PaginationWithThreadTests.framework; sourceTree = BUILT_PRODUCTS_DIR; };
		7028640963A478BBC1A88046 /* Pods_PaginationWithThread.framework */ = {isa = PBXFileReference; explicitFileType = wrapper.framework; includeInIndex = 0; path = Pods_PaginationWithThread.framework; sourceTree = BUILT_PRODUCTS_DIR; };
		84D38E457E370F924D64465E /* Pods-PaginationWithThreadTests.release.xcconfig */ = {isa = PBXFileReference; includeInIndex = 1; lastKnownFileType = text.xcconfig; name = "Pods-PaginationWithThreadTests.release.xcconfig"; path = "Target Support Files/Pods-PaginationWithThreadTests/Pods-PaginationWithThreadTests.release.xcconfig"; sourceTree = "<group>"; };
		85F1C754AD7FE8F9DC3B52F3 /* Pods-PaginationWithThread.release.xcconfig */ = {isa = PBXFileReference; includeInIndex = 1; lastKnownFileType = text.xcconfig; name = "Pods-PaginationWithThread.release.xcconfig"; path = "Target Support Files/Pods-PaginationWithThread/Pods-PaginationWithThread.release.xcconfig"; sourceTree = "<group>"; };
		9756B0C10EB7CFD7F11943FD /* Pods-PaginationWithThread-PaginationWithThreadUITests.debug.xcconfig */ = {isa = PBXFileReference; includeInIndex = 1; lastKnownFileType = text.xcconfig; name = "Pods-PaginationWithThread-PaginationWithThreadUITests.debug.xcconfig"; path = "Target Support Files/Pods-PaginationWithThread-PaginationWithThreadUITests/Pods-PaginationWithThread-PaginationWithThreadUITests.debug.xcconfig"; sourceTree = "<group>"; };
		9CDF3C5402264CFB2C566ECD /* Pods_PaginationWithThread_PaginationWithThreadUITests.framework */ = {isa = PBXFileReference; explicitFileType = wrapper.framework; includeInIndex = 0; path = Pods_PaginationWithThread_PaginationWithThreadUITests.framework; sourceTree = BUILT_PRODUCTS_DIR; };
		BDC8F4402C2F1C98006235E5 /* PaginationWithThread.app */ = {isa = PBXFileReference; explicitFileType = wrapper.application; includeInIndex = 0; path = PaginationWithThread.app; sourceTree = BUILT_PRODUCTS_DIR; };
		BDC8F4432C2F1C98006235E5 /* AppDelegate.swift */ = {isa = PBXFileReference; lastKnownFileType = sourcecode.swift; path = AppDelegate.swift; sourceTree = "<group>"; };
		BDC8F4452C2F1C98006235E5 /* SceneDelegate.swift */ = {isa = PBXFileReference; lastKnownFileType = sourcecode.swift; path = SceneDelegate.swift; sourceTree = "<group>"; };
		BDC8F4472C2F1C98006235E5 /* QuotesViewController.swift */ = {isa = PBXFileReference; lastKnownFileType = sourcecode.swift; path = QuotesViewController.swift; sourceTree = "<group>"; };
		BDC8F44A2C2F1C98006235E5 /* Base */ = {isa = PBXFileReference; lastKnownFileType = file.storyboard; name = Base; path = Base.lproj/Main.storyboard; sourceTree = "<group>"; };
		BDC8F44C2C2F1C9A006235E5 /* Assets.xcassets */ = {isa = PBXFileReference; lastKnownFileType = folder.assetcatalog; path = Assets.xcassets; sourceTree = "<group>"; };
		BDC8F44F2C2F1C9A006235E5 /* Base */ = {isa = PBXFileReference; lastKnownFileType = file.storyboard; name = Base; path = Base.lproj/LaunchScreen.storyboard; sourceTree = "<group>"; };
		BDC8F4512C2F1C9A006235E5 /* Info.plist */ = {isa = PBXFileReference; lastKnownFileType = text.plist.xml; path = Info.plist; sourceTree = "<group>"; };
		BDC8F4562C2F1C9A006235E5 /* PaginationWithThreadTests.xctest */ = {isa = PBXFileReference; explicitFileType = wrapper.cfbundle; includeInIndex = 0; path = PaginationWithThreadTests.xctest; sourceTree = BUILT_PRODUCTS_DIR; };
		BDC8F45A2C2F1C9A006235E5 /* PaginationWithThreadTests.swift */ = {isa = PBXFileReference; lastKnownFileType = sourcecode.swift; path = PaginationWithThreadTests.swift; sourceTree = "<group>"; };
		BDC8F4602C2F1C9A006235E5 /* PaginationWithThreadUITests.xctest */ = {isa = PBXFileReference; explicitFileType = wrapper.cfbundle; includeInIndex = 0; path = PaginationWithThreadUITests.xctest; sourceTree = BUILT_PRODUCTS_DIR; };
		BDC8F4642C2F1C9A006235E5 /* PaginationWithThreadUITests.swift */ = {isa = PBXFileReference; lastKnownFileType = sourcecode.swift; path = PaginationWithThreadUITests.swift; sourceTree = "<group>"; };
		BDC8F4662C2F1C9A006235E5 /* PaginationWithThreadUITestsLaunchTests.swift */ = {isa = PBXFileReference; lastKnownFileType = sourcecode.swift; path = PaginationWithThreadUITestsLaunchTests.swift; sourceTree = "<group>"; };
		BDC8F4732C2F1CAF006235E5 /* QuotesViewModel.swift */ = {isa = PBXFileReference; lastKnownFileType = sourcecode.swift; path = QuotesViewModel.swift; sourceTree = "<group>"; };
		BDC8F4772C2F1CC2006235E5 /* Model.swift */ = {isa = PBXFileReference; lastKnownFileType = sourcecode.swift; path = Model.swift; sourceTree = "<group>"; };
		BDC8F4792C2F22C0006235E5 /* QuoteTableViewCell.swift */ = {isa = PBXFileReference; lastKnownFileType = sourcecode.swift; path = QuoteTableViewCell.swift; sourceTree = "<group>"; };
		BDD0891A2C2F398800EEED87 /* NetworkManager.swift */ = {isa = PBXFileReference; lastKnownFileType = sourcecode.swift; path = NetworkManager.swift; sourceTree = "<group>"; };
		BDD089462C2F480B00EEED87 /* NoDataView.swift */ = {isa = PBXFileReference; fileEncoding = 4; lastKnownFileType = sourcecode.swift; path = NoDataView.swift; sourceTree = "<group>"; };
		BDD089472C2F480B00EEED87 /* NoDataView.xib */ = {isa = PBXFileReference; fileEncoding = 4; lastKnownFileType = file.xib; path = NoDataView.xib; sourceTree = "<group>"; };
		BDD089482C2F480B00EEED87 /* NoInternetView.swift */ = {isa = PBXFileReference; fileEncoding = 4; lastKnownFileType = sourcecode.swift; path = NoInternetView.swift; sourceTree = "<group>"; };
		BDD089492C2F480B00EEED87 /* NoInternetView.xib */ = {isa = PBXFileReference; fileEncoding = 4; lastKnownFileType = file.xib; path = NoInternetView.xib; sourceTree = "<group>"; };
		F420A97F78A9D2BFDD3D80FD /* Pods-PaginationWithThread.debug.xcconfig */ = {isa = PBXFileReference; includeInIndex = 1; lastKnownFileType = text.xcconfig; name = "Pods-PaginationWithThread.debug.xcconfig"; path = "Target Support Files/Pods-PaginationWithThread/Pods-PaginationWithThread.debug.xcconfig"; sourceTree = "<group>"; };
/* End PBXFileReference section */

/* Begin PBXFrameworksBuildPhase section */
		BDC8F43D2C2F1C98006235E5 /* Frameworks */ = {
			isa = PBXFrameworksBuildPhase;
			buildActionMask = 2147483647;
			files = (
				615C29BABA389D27E0068243 /* Pods_PaginationWithThread.framework in Frameworks */,
			);
			runOnlyForDeploymentPostprocessing = 0;
		};
		BDC8F4532C2F1C9A006235E5 /* Frameworks */ = {
			isa = PBXFrameworksBuildPhase;
			buildActionMask = 2147483647;
			files = (
				523EF0DCA43B42D7D9C1A43F /* Pods_PaginationWithThreadTests.framework in Frameworks */,
			);
			runOnlyForDeploymentPostprocessing = 0;
		};
		BDC8F45D2C2F1C9A006235E5 /* Frameworks */ = {
			isa = PBXFrameworksBuildPhase;
			buildActionMask = 2147483647;
			files = (
				160322F2C37F7907A32D2BCD /* Pods_PaginationWithThread_PaginationWithThreadUITests.framework in Frameworks */,
			);
			runOnlyForDeploymentPostprocessing = 0;
		};
/* End PBXFrameworksBuildPhase section */

/* Begin PBXGroup section */
		318B177D679D2B214E1DE30F /* Pods */ = {
			isa = PBXGroup;
			children = (
				F420A97F78A9D2BFDD3D80FD /* Pods-PaginationWithThread.debug.xcconfig */,
				85F1C754AD7FE8F9DC3B52F3 /* Pods-PaginationWithThread.release.xcconfig */,
				9756B0C10EB7CFD7F11943FD /* Pods-PaginationWithThread-PaginationWithThreadUITests.debug.xcconfig */,
				53567A34C866910A1B1A02EC /* Pods-PaginationWithThread-PaginationWithThreadUITests.release.xcconfig */,
				384496A91A4D48EF0E55AC25 /* Pods-PaginationWithThreadTests.debug.xcconfig */,
				84D38E457E370F924D64465E /* Pods-PaginationWithThreadTests.release.xcconfig */,
			);
			path = Pods;
			sourceTree = "<group>";
		};
		3DCD66BC8E998929EA00223C /* Frameworks */ = {
			isa = PBXGroup;
			children = (
				7028640963A478BBC1A88046 /* Pods_PaginationWithThread.framework */,
				9CDF3C5402264CFB2C566ECD /* Pods_PaginationWithThread_PaginationWithThreadUITests.framework */,
				6666F923E8DBE3579EE0DCF2 /* Pods_PaginationWithThreadTests.framework */,
			);
			name = Frameworks;
			sourceTree = "<group>";
		};
		BDC8F4372C2F1C98006235E5 = {
			isa = PBXGroup;
			children = (
				BDC8F4422C2F1C98006235E5 /* PaginationWithThread */,
				BDC8F4592C2F1C9A006235E5 /* PaginationWithThreadTests */,
				BDC8F4632C2F1C9A006235E5 /* PaginationWithThreadUITests */,
				BDC8F4412C2F1C98006235E5 /* Products */,
				318B177D679D2B214E1DE30F /* Pods */,
				3DCD66BC8E998929EA00223C /* Frameworks */,
			);
			sourceTree = "<group>";
		};
		BDC8F4412C2F1C98006235E5 /* Products */ = {
			isa = PBXGroup;
			children = (
				BDC8F4402C2F1C98006235E5 /* PaginationWithThread.app */,
				BDC8F4562C2F1C9A006235E5 /* PaginationWithThreadTests.xctest */,
				BDC8F4602C2F1C9A006235E5 /* PaginationWithThreadUITests.xctest */,
			);
			name = Products;
			sourceTree = "<group>";
		};
		BDC8F4422C2F1C98006235E5 /* PaginationWithThread */ = {
			isa = PBXGroup;
			children = (
				BDD089372C2F476B00EEED87 /* APIHalper */,
				BDD089362C2F475C00EEED87 /* ViewModel */,
				BDD089352C2F475300EEED87 /* Model */,
				BDD0892F2C2F474200EEED87 /* View */,
				BDD0892E2C2F473900EEED87 /* Delegate */,
				BDD089382C2F477900EEED87 /* Controller */,
				BDC8F44C2C2F1C9A006235E5 /* Assets.xcassets */,
				BDC8F4512C2F1C9A006235E5 /* Info.plist */,
			);
			path = PaginationWithThread;
			sourceTree = "<group>";
		};
		BDC8F4592C2F1C9A006235E5 /* PaginationWithThreadTests */ = {
			isa = PBXGroup;
			children = (
				BDC8F45A2C2F1C9A006235E5 /* PaginationWithThreadTests.swift */,
			);
			path = PaginationWithThreadTests;
			sourceTree = "<group>";
		};
		BDC8F4632C2F1C9A006235E5 /* PaginationWithThreadUITests */ = {
			isa = PBXGroup;
			children = (
				BDC8F4642C2F1C9A006235E5 /* PaginationWithThreadUITests.swift */,
				BDC8F4662C2F1C9A006235E5 /* PaginationWithThreadUITestsLaunchTests.swift */,
			);
			path = PaginationWithThreadUITests;
			sourceTree = "<group>";
		};
		BDD0892E2C2F473900EEED87 /* Delegate */ = {
			isa = PBXGroup;
			children = (
				BDC8F4432C2F1C98006235E5 /* AppDelegate.swift */,
				BDC8F4452C2F1C98006235E5 /* SceneDelegate.swift */,
			);
			path = Delegate;
			sourceTree = "<group>";
		};
		BDD0892F2C2F474200EEED87 /* View */ = {
			isa = PBXGroup;
			children = (
				BDD0894A2C2F480B00EEED87 /* XIB */,
				BDD089442C2F478F00EEED87 /* Cell */,
				BDC8F4492C2F1C98006235E5 /* Main.storyboard */,
				BDC8F44E2C2F1C9A006235E5 /* LaunchScreen.storyboard */,
			);
			path = View;
			sourceTree = "<group>";
		};
		BDD089352C2F475300EEED87 /* Model */ = {
			isa = PBXGroup;
			children = (
				BDC8F4772C2F1CC2006235E5 /* Model.swift */,
			);
			path = Model;
			sourceTree = "<group>";
		};
		BDD089362C2F475C00EEED87 /* ViewModel */ = {
			isa = PBXGroup;
			children = (
				BDC8F4732C2F1CAF006235E5 /* QuotesViewModel.swift */,
			);
			name = ViewModel;
			sourceTree = "<group>";
		};
		BDD089372C2F476B00EEED87 /* APIHalper */ = {
			isa = PBXGroup;
			children = (
				BDD0891A2C2F398800EEED87 /* NetworkManager.swift */,
			);
			path = APIHalper;
			sourceTree = "<group>";
		};
		BDD089382C2F477900EEED87 /* Controller */ = {
			isa = PBXGroup;
			children = (
				BDC8F4472C2F1C98006235E5 /* QuotesViewController.swift */,
			);
			path = Controller;
			sourceTree = "<group>";
		};
		BDD089442C2F478F00EEED87 /* Cell */ = {
			isa = PBXGroup;
			children = (
				BDC8F4792C2F22C0006235E5 /* QuoteTableViewCell.swift */,
			);
			path = Cell;
			sourceTree = "<group>";
		};
		BDD0894A2C2F480B00EEED87 /* XIB */ = {
			isa = PBXGroup;
			children = (
				BDD089462C2F480B00EEED87 /* NoDataView.swift */,
				BDD089472C2F480B00EEED87 /* NoDataView.xib */,
				BDD089482C2F480B00EEED87 /* NoInternetView.swift */,
				BDD089492C2F480B00EEED87 /* NoInternetView.xib */,
			);
			path = XIB;
			sourceTree = "<group>";
		};
/* End PBXGroup section */

/* Begin PBXNativeTarget section */
		BDC8F43F2C2F1C98006235E5 /* PaginationWithThread */ = {
			isa = PBXNativeTarget;
			buildConfigurationList = BDC8F46A2C2F1C9A006235E5 /* Build configuration list for PBXNativeTarget "PaginationWithThread" */;
			buildPhases = (
				297AE10119AF837412BC1013 /* [CP] Check Pods Manifest.lock */,
				BDC8F43C2C2F1C98006235E5 /* Sources */,
				BDC8F43D2C2F1C98006235E5 /* Frameworks */,
				BDC8F43E2C2F1C98006235E5 /* Resources */,
				961610FD9338BD938A9D9F16 /* [CP] Embed Pods Frameworks */,
			);
			buildRules = (
			);
			dependencies = (
			);
			name = PaginationWithThread;
			productName = PaginationWithThread;
			productReference = BDC8F4402C2F1C98006235E5 /* PaginationWithThread.app */;
			productType = "com.apple.product-type.application";
		};
		BDC8F4552C2F1C9A006235E5 /* PaginationWithThreadTests */ = {
			isa = PBXNativeTarget;
			buildConfigurationList = BDC8F46D2C2F1C9A006235E5 /* Build configuration list for PBXNativeTarget "PaginationWithThreadTests" */;
			buildPhases = (
				CD2142AAE157B808EBB724F4 /* [CP] Check Pods Manifest.lock */,
				BDC8F4522C2F1C9A006235E5 /* Sources */,
				BDC8F4532C2F1C9A006235E5 /* Frameworks */,
				BDC8F4542C2F1C9A006235E5 /* Resources */,
			);
			buildRules = (
			);
			dependencies = (
				BDC8F4582C2F1C9A006235E5 /* PBXTargetDependency */,
			);
			name = PaginationWithThreadTests;
			productName = PaginationWithThreadTests;
			productReference = BDC8F4562C2F1C9A006235E5 /* PaginationWithThreadTests.xctest */;
			productType = "com.apple.product-type.bundle.unit-test";
		};
		BDC8F45F2C2F1C9A006235E5 /* PaginationWithThreadUITests */ = {
			isa = PBXNativeTarget;
			buildConfigurationList = BDC8F4702C2F1C9A006235E5 /* Build configuration list for PBXNativeTarget "PaginationWithThreadUITests" */;
			buildPhases = (
				264BADD8E9DEF935D44C1101 /* [CP] Check Pods Manifest.lock */,
				BDC8F45C2C2F1C9A006235E5 /* Sources */,
				BDC8F45D2C2F1C9A006235E5 /* Frameworks */,
				BDC8F45E2C2F1C9A006235E5 /* Resources */,
				C92B86C0716C41C1C2626A7B /* [CP] Embed Pods Frameworks */,
			);
			buildRules = (
			);
			dependencies = (
				BDC8F4622C2F1C9A006235E5 /* PBXTargetDependency */,
			);
			name = PaginationWithThreadUITests;
			productName = PaginationWithThreadUITests;
			productReference = BDC8F4602C2F1C9A006235E5 /* PaginationWithThreadUITests.xctest */;
			productType = "com.apple.product-type.bundle.ui-testing";
		};
/* End PBXNativeTarget section */

/* Begin PBXProject section */
		BDC8F4382C2F1C98006235E5 /* Project object */ = {
			isa = PBXProject;
			attributes = {
				BuildIndependentTargetsInParallel = 1;
				LastSwiftUpdateCheck = 1530;
				LastUpgradeCheck = 1530;
				TargetAttributes = {
					BDC8F43F2C2F1C98006235E5 = {
						CreatedOnToolsVersion = 15.3;
					};
					BDC8F4552C2F1C9A006235E5 = {
						CreatedOnToolsVersion = 15.3;
						TestTargetID = BDC8F43F2C2F1C98006235E5;
					};
					BDC8F45F2C2F1C9A006235E5 = {
						CreatedOnToolsVersion = 15.3;
						TestTargetID = BDC8F43F2C2F1C98006235E5;
					};
				};
			};
			buildConfigurationList = BDC8F43B2C2F1C98006235E5 /* Build configuration list for PBXProject "PaginationWithThread" */;
			compatibilityVersion = "Xcode 14.0";
			developmentRegion = en;
			hasScannedForEncodings = 0;
			knownRegions = (
				en,
				Base,
			);
			mainGroup = BDC8F4372C2F1C98006235E5;
			productRefGroup = BDC8F4412C2F1C98006235E5 /* Products */;
			projectDirPath = "";
			projectRoot = "";
			targets = (
				BDC8F43F2C2F1C98006235E5 /* PaginationWithThread */,
				BDC8F4552C2F1C9A006235E5 /* PaginationWithThreadTests */,
				BDC8F45F2C2F1C9A006235E5 /* PaginationWithThreadUITests */,
			);
		};
/* End PBXProject section */

/* Begin PBXResourcesBuildPhase section */
		BDC8F43E2C2F1C98006235E5 /* Resources */ = {
			isa = PBXResourcesBuildPhase;
			buildActionMask = 2147483647;
			files = (
				BDC8F44D2C2F1C9A006235E5 /* Assets.xcassets in Resources */,
				BDD0894C2C2F480B00EEED87 /* NoDataView.xib in Resources */,
				BDC8F4502C2F1C9A006235E5 /* Base in Resources */,
				BDD0894E2C2F480B00EEED87 /* NoInternetView.xib in Resources */,
				BDC8F44B2C2F1C98006235E5 /* Base in Resources */,
			);
			runOnlyForDeploymentPostprocessing = 0;
		};
		BDC8F4542C2F1C9A006235E5 /* Resources */ = {
			isa = PBXResourcesBuildPhase;
			buildActionMask = 2147483647;
			files = (
			);
			runOnlyForDeploymentPostprocessing = 0;
		};
		BDC8F45E2C2F1C9A006235E5 /* Resources */ = {
			isa = PBXResourcesBuildPhase;
			buildActionMask = 2147483647;
			files = (
			);
			runOnlyForDeploymentPostprocessing = 0;
		};
/* End PBXResourcesBuildPhase section */

/* Begin PBXShellScriptBuildPhase section */
		264BADD8E9DEF935D44C1101 /* [CP] Check Pods Manifest.lock */ = {
			isa = PBXShellScriptBuildPhase;
			buildActionMask = 2147483647;
			files = (
			);
			inputFileListPaths = (
			);
			inputPaths = (
				"${PODS_PODFILE_DIR_PATH}/Podfile.lock",
				"${PODS_ROOT}/Manifest.lock",
			);
			name = "[CP] Check Pods Manifest.lock";
			outputFileListPaths = (
			);
			outputPaths = (
				"$(DERIVED_FILE_DIR)/Pods-PaginationWithThread-PaginationWithThreadUITests-checkManifestLockResult.txt",
			);
			runOnlyForDeploymentPostprocessing = 0;
			shellPath = /bin/sh;
			shellScript = "diff \"${PODS_PODFILE_DIR_PATH}/Podfile.lock\" \"${PODS_ROOT}/Manifest.lock\" > /dev/null\nif [ $? != 0 ] ; then\n    # print error to STDERR\n    echo \"error: The sandbox is not in sync with the Podfile.lock. Run 'pod install' or update your CocoaPods installation.\" >&2\n    exit 1\nfi\n# This output is used by Xcode 'outputs' to avoid re-running this script phase.\necho \"SUCCESS\" > \"${SCRIPT_OUTPUT_FILE_0}\"\n";
			showEnvVarsInLog = 0;
		};
		297AE10119AF837412BC1013 /* [CP] Check Pods Manifest.lock */ = {
			isa = PBXShellScriptBuildPhase;
			buildActionMask = 2147483647;
			files = (
			);
			inputFileListPaths = (
			);
			inputPaths = (
				"${PODS_PODFILE_DIR_PATH}/Podfile.lock",
				"${PODS_ROOT}/Manifest.lock",
			);
			name = "[CP] Check Pods Manifest.lock";
			outputFileListPaths = (
			);
			outputPaths = (
				"$(DERIVED_FILE_DIR)/Pods-PaginationWithThread-checkManifestLockResult.txt",
			);
			runOnlyForDeploymentPostprocessing = 0;
			shellPath = /bin/sh;
			shellScript = "diff \"${PODS_PODFILE_DIR_PATH}/Podfile.lock\" \"${PODS_ROOT}/Manifest.lock\" > /dev/null\nif [ $? != 0 ] ; then\n    # print error to STDERR\n    echo \"error: The sandbox is not in sync with the Podfile.lock. Run 'pod install' or update your CocoaPods installation.\" >&2\n    exit 1\nfi\n# This output is used by Xcode 'outputs' to avoid re-running this script phase.\necho \"SUCCESS\" > \"${SCRIPT_OUTPUT_FILE_0}\"\n";
			showEnvVarsInLog = 0;
		};
		961610FD9338BD938A9D9F16 /* [CP] Embed Pods Frameworks */ = {
			isa = PBXShellScriptBuildPhase;
			buildActionMask = 2147483647;
			files = (
			);
			inputFileListPaths = (
				"${PODS_ROOT}/Target Support Files/Pods-PaginationWithThread/Pods-PaginationWithThread-frameworks-${CONFIGURATION}-input-files.xcfilelist",
			);
			name = "[CP] Embed Pods Frameworks";
			outputFileListPaths = (
				"${PODS_ROOT}/Target Support Files/Pods-PaginationWithThread/Pods-PaginationWithThread-frameworks-${CONFIGURATION}-output-files.xcfilelist",
			);
			runOnlyForDeploymentPostprocessing = 0;
			shellPath = /bin/sh;
			shellScript = "\"${PODS_ROOT}/Target Support Files/Pods-PaginationWithThread/Pods-PaginationWithThread-frameworks.sh\"\n";
			showEnvVarsInLog = 0;
		};
		C92B86C0716C41C1C2626A7B /* [CP] Embed Pods Frameworks */ = {
			isa = PBXShellScriptBuildPhase;
			buildActionMask = 2147483647;
			files = (
			);
			inputFileListPaths = (
				"${PODS_ROOT}/Target Support Files/Pods-PaginationWithThread-PaginationWithThreadUITests/Pods-PaginationWithThread-PaginationWithThreadUITests-frameworks-${CONFIGURATION}-input-files.xcfilelist",
			);
			name = "[CP] Embed Pods Frameworks";
			outputFileListPaths = (
				"${PODS_ROOT}/Target Support Files/Pods-PaginationWithThread-PaginationWithThreadUITests/Pods-PaginationWithThread-PaginationWithThreadUITests-frameworks-${CONFIGURATION}-output-files.xcfilelist",
			);
			runOnlyForDeploymentPostprocessing = 0;
			shellPath = /bin/sh;
			shellScript = "\"${PODS_ROOT}/Target Support Files/Pods-PaginationWithThread-PaginationWithThreadUITests/Pods-PaginationWithThread-PaginationWithThreadUITests-frameworks.sh\"\n";
			showEnvVarsInLog = 0;
		};
		CD2142AAE157B808EBB724F4 /* [CP] Check Pods Manifest.lock */ = {
			isa = PBXShellScriptBuildPhase;
			buildActionMask = 2147483647;
			files = (
			);
			inputFileListPaths = (
			);
			inputPaths = (
				"${PODS_PODFILE_DIR_PATH}/Podfile.lock",
				"${PODS_ROOT}/Manifest.lock",
			);
			name = "[CP] Check Pods Manifest.lock";
			outputFileListPaths = (
			);
			outputPaths = (
				"$(DERIVED_FILE_DIR)/Pods-PaginationWithThreadTests-checkManifestLockResult.txt",
			);
			runOnlyForDeploymentPostprocessing = 0;
			shellPath = /bin/sh;
			shellScript = "diff \"${PODS_PODFILE_DIR_PATH}/Podfile.lock\" \"${PODS_ROOT}/Manifest.lock\" > /dev/null\nif [ $? != 0 ] ; then\n    # print error to STDERR\n    echo \"error: The sandbox is not in sync with the Podfile.lock. Run 'pod install' or update your CocoaPods installation.\" >&2\n    exit 1\nfi\n# This output is used by Xcode 'outputs' to avoid re-running this script phase.\necho \"SUCCESS\" > \"${SCRIPT_OUTPUT_FILE_0}\"\n";
			showEnvVarsInLog = 0;
		};
/* End PBXShellScriptBuildPhase section */

/* Begin PBXSourcesBuildPhase section */
		BDC8F43C2C2F1C98006235E5 /* Sources */ = {
			isa = PBXSourcesBuildPhase;
			buildActionMask = 2147483647;
			files = (
				BDC8F4482C2F1C98006235E5 /* QuotesViewController.swift in Sources */,
				BDC8F4742C2F1CAF006235E5 /* QuotesViewModel.swift in Sources */,
				BDD0891B2C2F398800EEED87 /* NetworkManager.swift in Sources */,
				BDC8F4782C2F1CC2006235E5 /* Model.swift in Sources */,
				BDC8F4442C2F1C98006235E5 /* AppDelegate.swift in Sources */,
				BDD0894B2C2F480B00EEED87 /* NoDataView.swift in Sources */,
				BDC8F47A2C2F22C0006235E5 /* QuoteTableViewCell.swift in Sources */,
				BDC8F4462C2F1C98006235E5 /* SceneDelegate.swift in Sources */,
				BDD0894D2C2F480B00EEED87 /* NoInternetView.swift in Sources */,
			);
			runOnlyForDeploymentPostprocessing = 0;
		};
		BDC8F4522C2F1C9A006235E5 /* Sources */ = {
			isa = PBXSourcesBuildPhase;
			buildActionMask = 2147483647;
			files = (
				BDC8F45B2C2F1C9A006235E5 /* PaginationWithThreadTests.swift in Sources */,
			);
			runOnlyForDeploymentPostprocessing = 0;
		};
		BDC8F45C2C2F1C9A006235E5 /* Sources */ = {
			isa = PBXSourcesBuildPhase;
			buildActionMask = 2147483647;
			files = (
				BDC8F4672C2F1C9A006235E5 /* PaginationWithThreadUITestsLaunchTests.swift in Sources */,
				BDC8F4652C2F1C9A006235E5 /* PaginationWithThreadUITests.swift in Sources */,
			);
			runOnlyForDeploymentPostprocessing = 0;
		};
/* End PBXSourcesBuildPhase section */

/* Begin PBXTargetDependency section */
		BDC8F4582C2F1C9A006235E5 /* PBXTargetDependency */ = {
			isa = PBXTargetDependency;
			target = BDC8F43F2C2F1C98006235E5 /* PaginationWithThread */;
			targetProxy = BDC8F4572C2F1C9A006235E5 /* PBXContainerItemProxy */;
		};
		BDC8F4622C2F1C9A006235E5 /* PBXTargetDependency */ = {
			isa = PBXTargetDependency;
			target = BDC8F43F2C2F1C98006235E5 /* PaginationWithThread */;
			targetProxy = BDC8F4612C2F1C9A006235E5 /* PBXContainerItemProxy */;
		};
/* End PBXTargetDependency section */

/* Begin PBXVariantGroup section */
		BDC8F4492C2F1C98006235E5 /* Main.storyboard */ = {
			isa = PBXVariantGroup;
			children = (
				BDC8F44A2C2F1C98006235E5 /* Base */,
			);
			name = Main.storyboard;
			sourceTree = "<group>";
		};
		BDC8F44E2C2F1C9A006235E5 /* LaunchScreen.storyboard */ = {
			isa = PBXVariantGroup;
			children = (
				BDC8F44F2C2F1C9A006235E5 /* Base */,
			);
			name = LaunchScreen.storyboard;
			sourceTree = "<group>";
		};
/* End PBXVariantGroup section */

/* Begin XCBuildConfiguration section */
		BDC8F4682C2F1C9A006235E5 /* Debug */ = {
			isa = XCBuildConfiguration;
			buildSettings = {
				ALWAYS_SEARCH_USER_PATHS = NO;
				ASSETCATALOG_COMPILER_GENERATE_SWIFT_ASSET_SYMBOL_EXTENSIONS = YES;
				CLANG_ANALYZER_NONNULL = YES;
				CLANG_ANALYZER_NUMBER_OBJECT_CONVERSION = YES_AGGRESSIVE;
				CLANG_CXX_LANGUAGE_STANDARD = "gnu++20";
				CLANG_ENABLE_MODULES = YES;
				CLANG_ENABLE_OBJC_ARC = YES;
				CLANG_ENABLE_OBJC_WEAK = YES;
				CLANG_WARN_BLOCK_CAPTURE_AUTORELEASING = YES;
				CLANG_WARN_BOOL_CONVERSION = YES;
				CLANG_WARN_COMMA = YES;
				CLANG_WARN_CONSTANT_CONVERSION = YES;
				CLANG_WARN_DEPRECATED_OBJC_IMPLEMENTATIONS = YES;
				CLANG_WARN_DIRECT_OBJC_ISA_USAGE = YES_ERROR;
				CLANG_WARN_DOCUMENTATION_COMMENTS = YES;
				CLANG_WARN_EMPTY_BODY = YES;
				CLANG_WARN_ENUM_CONVERSION = YES;
				CLANG_WARN_INFINITE_RECURSION = YES;
				CLANG_WARN_INT_CONVERSION = YES;
				CLANG_WARN_NON_LITERAL_NULL_CONVERSION = YES;
				CLANG_WARN_OBJC_IMPLICIT_RETAIN_SELF = YES;
				CLANG_WARN_OBJC_LITERAL_CONVERSION = YES;
				CLANG_WARN_OBJC_ROOT_CLASS = YES_ERROR;
				CLANG_WARN_QUOTED_INCLUDE_IN_FRAMEWORK_HEADER = YES;
				CLANG_WARN_RANGE_LOOP_ANALYSIS = YES;
				CLANG_WARN_STRICT_PROTOTYPES = YES;
				CLANG_WARN_SUSPICIOUS_MOVE = YES;
				CLANG_WARN_UNGUARDED_AVAILABILITY = YES_AGGRESSIVE;
				CLANG_WARN_UNREACHABLE_CODE = YES;
				CLANG_WARN__DUPLICATE_METHOD_MATCH = YES;
				COPY_PHASE_STRIP = NO;
				DEBUG_INFORMATION_FORMAT = dwarf;
				ENABLE_STRICT_OBJC_MSGSEND = YES;
				ENABLE_TESTABILITY = YES;
				ENABLE_USER_SCRIPT_SANDBOXING = YES;
				GCC_C_LANGUAGE_STANDARD = gnu17;
				GCC_DYNAMIC_NO_PIC = NO;
				GCC_NO_COMMON_BLOCKS = YES;
				GCC_OPTIMIZATION_LEVEL = 0;
				GCC_PREPROCESSOR_DEFINITIONS = (
					"DEBUG=1",
					"$(inherited)",
				);
				GCC_WARN_64_TO_32_BIT_CONVERSION = YES;
				GCC_WARN_ABOUT_RETURN_TYPE = YES_ERROR;
				GCC_WARN_UNDECLARED_SELECTOR = YES;
				GCC_WARN_UNINITIALIZED_AUTOS = YES_AGGRESSIVE;
				GCC_WARN_UNUSED_FUNCTION = YES;
				GCC_WARN_UNUSED_VARIABLE = YES;
				IPHONEOS_DEPLOYMENT_TARGET = 17.4;
				LOCALIZATION_PREFERS_STRING_CATALOGS = YES;
				MTL_ENABLE_DEBUG_INFO = INCLUDE_SOURCE;
				MTL_FAST_MATH = YES;
				ONLY_ACTIVE_ARCH = YES;
				SDKROOT = iphoneos;
				SWIFT_ACTIVE_COMPILATION_CONDITIONS = "DEBUG $(inherited)";
				SWIFT_OPTIMIZATION_LEVEL = "-Onone";
			};
			name = Debug;
		};
		BDC8F4692C2F1C9A006235E5 /* Release */ = {
			isa = XCBuildConfiguration;
			buildSettings = {
				ALWAYS_SEARCH_USER_PATHS = NO;
				ASSETCATALOG_COMPILER_GENERATE_SWIFT_ASSET_SYMBOL_EXTENSIONS = YES;
				CLANG_ANALYZER_NONNULL = YES;
				CLANG_ANALYZER_NUMBER_OBJECT_CONVERSION = YES_AGGRESSIVE;
				CLANG_CXX_LANGUAGE_STANDARD = "gnu++20";
				CLANG_ENABLE_MODULES = YES;
				CLANG_ENABLE_OBJC_ARC = YES;
				CLANG_ENABLE_OBJC_WEAK = YES;
				CLANG_WARN_BLOCK_CAPTURE_AUTORELEASING = YES;
				CLANG_WARN_BOOL_CONVERSION = YES;
				CLANG_WARN_COMMA = YES;
				CLANG_WARN_CONSTANT_CONVERSION = YES;
				CLANG_WARN_DEPRECATED_OBJC_IMPLEMENTATIONS = YES;
				CLANG_WARN_DIRECT_OBJC_ISA_USAGE = YES_ERROR;
				CLANG_WARN_DOCUMENTATION_COMMENTS = YES;
				CLANG_WARN_EMPTY_BODY = YES;
				CLANG_WARN_ENUM_CONVERSION = YES;
				CLANG_WARN_INFINITE_RECURSION = YES;
				CLANG_WARN_INT_CONVERSION = YES;
				CLANG_WARN_NON_LITERAL_NULL_CONVERSION = YES;
				CLANG_WARN_OBJC_IMPLICIT_RETAIN_SELF = YES;
				CLANG_WARN_OBJC_LITERAL_CONVERSION = YES;
				CLANG_WARN_OBJC_ROOT_CLASS = YES_ERROR;
				CLANG_WARN_QUOTED_INCLUDE_IN_FRAMEWORK_HEADER = YES;
				CLANG_WARN_RANGE_LOOP_ANALYSIS = YES;
				CLANG_WARN_STRICT_PROTOTYPES = YES;
				CLANG_WARN_SUSPICIOUS_MOVE = YES;
				CLANG_WARN_UNGUARDED_AVAILABILITY = YES_AGGRESSIVE;
				CLANG_WARN_UNREACHABLE_CODE = YES;
				CLANG_WARN__DUPLICATE_METHOD_MATCH = YES;
				COPY_PHASE_STRIP = NO;
				DEBUG_INFORMATION_FORMAT = "dwarf-with-dsym";
				ENABLE_NS_ASSERTIONS = NO;
				ENABLE_STRICT_OBJC_MSGSEND = YES;
				ENABLE_USER_SCRIPT_SANDBOXING = YES;
				GCC_C_LANGUAGE_STANDARD = gnu17;
				GCC_NO_COMMON_BLOCKS = YES;
				GCC_WARN_64_TO_32_BIT_CONVERSION = YES;
				GCC_WARN_ABOUT_RETURN_TYPE = YES_ERROR;
				GCC_WARN_UNDECLARED_SELECTOR = YES;
				GCC_WARN_UNINITIALIZED_AUTOS = YES_AGGRESSIVE;
				GCC_WARN_UNUSED_FUNCTION = YES;
				GCC_WARN_UNUSED_VARIABLE = YES;
				IPHONEOS_DEPLOYMENT_TARGET = 17.4;
				LOCALIZATION_PREFERS_STRING_CATALOGS = YES;
				MTL_ENABLE_DEBUG_INFO = NO;
				MTL_FAST_MATH = YES;
				SDKROOT = iphoneos;
				SWIFT_COMPILATION_MODE = wholemodule;
				VALIDATE_PRODUCT = YES;
			};
			name = Release;
		};
		BDC8F46B2C2F1C9A006235E5 /* Debug */ = {
			isa = XCBuildConfiguration;
			baseConfigurationReference = F420A97F78A9D2BFDD3D80FD /* Pods-PaginationWithThread.debug.xcconfig */;
			buildSettings = {
				ASSETCATALOG_COMPILER_APPICON_NAME = AppIcon;
				ASSETCATALOG_COMPILER_GLOBAL_ACCENT_COLOR_NAME = AccentColor;
				CODE_SIGN_STYLE = Automatic;
				CURRENT_PROJECT_VERSION = 1;
				ENABLE_USER_SCRIPT_SANDBOXING = NO;
				GENERATE_INFOPLIST_FILE = YES;
				INFOPLIST_FILE = PaginationWithThread/Info.plist;
				INFOPLIST_KEY_UIApplicationSupportsIndirectInputEvents = YES;
				INFOPLIST_KEY_UILaunchStoryboardName = LaunchScreen;
				INFOPLIST_KEY_UIMainStoryboardFile = Main;
				INFOPLIST_KEY_UISupportedInterfaceOrientations_iPad = "UIInterfaceOrientationPortrait UIInterfaceOrientationPortraitUpsideDown UIInterfaceOrientationLandscapeLeft UIInterfaceOrientationLandscapeRight";
				INFOPLIST_KEY_UISupportedInterfaceOrientations_iPhone = "UIInterfaceOrientationPortrait UIInterfaceOrientationLandscapeLeft UIInterfaceOrientationLandscapeRight";
				LD_RUNPATH_SEARCH_PATHS = (
					"$(inherited)",
					"@executable_path/Frameworks",
				);
				MARKETING_VERSION = 1.0;
				PRODUCT_BUNDLE_IDENTIFIER = com.plexustechnology.PaginationWithThread;
				PRODUCT_NAME = "$(TARGET_NAME)";
				SWIFT_EMIT_LOC_STRINGS = YES;
				SWIFT_VERSION = 5.0;
				TARGETED_DEVICE_FAMILY = "1,2";
			};
			name = Debug;
		};
		BDC8F46C2C2F1C9A006235E5 /* Release */ = {
			isa = XCBuildConfiguration;
			baseConfigurationReference = 85F1C754AD7FE8F9DC3B52F3 /* Pods-PaginationWithThread.release.xcconfig */;
			buildSettings = {
				ASSETCATALOG_COMPILER_APPICON_NAME = AppIcon;
				ASSETCATALOG_COMPILER_GLOBAL_ACCENT_COLOR_NAME = AccentColor;
				CODE_SIGN_STYLE = Automatic;
				CURRENT_PROJECT_VERSION = 1;
				ENABLE_USER_SCRIPT_SANDBOXING = NO;
				GENERATE_INFOPLIST_FILE = YES;
				INFOPLIST_FILE = PaginationWithThread/Info.plist;
				INFOPLIST_KEY_UIApplicationSupportsIndirectInputEvents = YES;
				INFOPLIST_KEY_UILaunchStoryboardName = LaunchScreen;
				INFOPLIST_KEY_UIMainStoryboardFile = Main;
				INFOPLIST_KEY_UISupportedInterfaceOrientations_iPad = "UIInterfaceOrientationPortrait UIInterfaceOrientationPortraitUpsideDown UIInterfaceOrientationLandscapeLeft UIInterfaceOrientationLandscapeRight";
				INFOPLIST_KEY_UISupportedInterfaceOrientations_iPhone = "UIInterfaceOrientationPortrait UIInterfaceOrientationLandscapeLeft UIInterfaceOrientationLandscapeRight";
				LD_RUNPATH_SEARCH_PATHS = (
					"$(inherited)",
					"@executable_path/Frameworks",
				);
				MARKETING_VERSION = 1.0;
				PRODUCT_BUNDLE_IDENTIFIER = com.plexustechnology.PaginationWithThread;
				PRODUCT_NAME = "$(TARGET_NAME)";
				SWIFT_EMIT_LOC_STRINGS = YES;
				SWIFT_VERSION = 5.0;
				TARGETED_DEVICE_FAMILY = "1,2";
			};
			name = Release;
		};
		BDC8F46E2C2F1C9A006235E5 /* Debug */ = {
			isa = XCBuildConfiguration;
			baseConfigurationReference = 384496A91A4D48EF0E55AC25 /* Pods-PaginationWithThreadTests.debug.xcconfig */;
			buildSettings = {
				ALWAYS_EMBED_SWIFT_STANDARD_LIBRARIES = YES;
				BUNDLE_LOADER = "$(TEST_HOST)";
				CODE_SIGN_STYLE = Automatic;
				CURRENT_PROJECT_VERSION = 1;
				GENERATE_INFOPLIST_FILE = YES;
				IPHONEOS_DEPLOYMENT_TARGET = 17.4;
				MARKETING_VERSION = 1.0;
				PRODUCT_BUNDLE_IDENTIFIER = com.plexustechnology.PaginationWithThreadTests;
				PRODUCT_NAME = "$(TARGET_NAME)";
				SWIFT_EMIT_LOC_STRINGS = NO;
				SWIFT_VERSION = 5.0;
				TARGETED_DEVICE_FAMILY = "1,2";
				TEST_HOST = "$(BUILT_PRODUCTS_DIR)/PaginationWithThread.app/$(BUNDLE_EXECUTABLE_FOLDER_PATH)/PaginationWithThread";
			};
			name = Debug;
		};
		BDC8F46F2C2F1C9A006235E5 /* Release */ = {
			isa = XCBuildConfiguration;
			baseConfigurationReference = 84D38E457E370F924D64465E /* Pods-PaginationWithThreadTests.release.xcconfig */;
			buildSettings = {
				ALWAYS_EMBED_SWIFT_STANDARD_LIBRARIES = YES;
				BUNDLE_LOADER = "$(TEST_HOST)";
				CODE_SIGN_STYLE = Automatic;
				CURRENT_PROJECT_VERSION = 1;
				GENERATE_INFOPLIST_FILE = YES;
				IPHONEOS_DEPLOYMENT_TARGET = 17.4;
				MARKETING_VERSION = 1.0;
				PRODUCT_BUNDLE_IDENTIFIER = com.plexustechnology.PaginationWithThreadTests;
				PRODUCT_NAME = "$(TARGET_NAME)";
				SWIFT_EMIT_LOC_STRINGS = NO;
				SWIFT_VERSION = 5.0;
				TARGETED_DEVICE_FAMILY = "1,2";
				TEST_HOST = "$(BUILT_PRODUCTS_DIR)/PaginationWithThread.app/$(BUNDLE_EXECUTABLE_FOLDER_PATH)/PaginationWithThread";
			};
			name = Release;
		};
		BDC8F4712C2F1C9A006235E5 /* Debug */ = {
			isa = XCBuildConfiguration;
			baseConfigurationReference = 9756B0C10EB7CFD7F11943FD /* Pods-PaginationWithThread-PaginationWithThreadUITests.debug.xcconfig */;
			buildSettings = {
				ALWAYS_EMBED_SWIFT_STANDARD_LIBRARIES = YES;
				CODE_SIGN_STYLE = Automatic;
				CURRENT_PROJECT_VERSION = 1;
				GENERATE_INFOPLIST_FILE = YES;
				MARKETING_VERSION = 1.0;
				PRODUCT_BUNDLE_IDENTIFIER = com.plexustechnology.PaginationWithThreadUITests;
				PRODUCT_NAME = "$(TARGET_NAME)";
				SWIFT_EMIT_LOC_STRINGS = NO;
				SWIFT_VERSION = 5.0;
				TARGETED_DEVICE_FAMILY = "1,2";
				TEST_TARGET_NAME = PaginationWithThread;
			};
			name = Debug;
		};
		BDC8F4722C2F1C9A006235E5 /* Release */ = {
			isa = XCBuildConfiguration;
			baseConfigurationReference = 53567A34C866910A1B1A02EC /* Pods-PaginationWithThread-PaginationWithThreadUITests.release.xcconfig */;
			buildSettings = {
				ALWAYS_EMBED_SWIFT_STANDARD_LIBRARIES = YES;
				CODE_SIGN_STYLE = Automatic;
				CURRENT_PROJECT_VERSION = 1;
				GENERATE_INFOPLIST_FILE = YES;
				MARKETING_VERSION = 1.0;
				PRODUCT_BUNDLE_IDENTIFIER = com.plexustechnology.PaginationWithThreadUITests;
				PRODUCT_NAME = "$(TARGET_NAME)";
				SWIFT_EMIT_LOC_STRINGS = NO;
				SWIFT_VERSION = 5.0;
				TARGETED_DEVICE_FAMILY = "1,2";
				TEST_TARGET_NAME = PaginationWithThread;
			};
			name = Release;
		};
/* End XCBuildConfiguration section */

/* Begin XCConfigurationList section */
		BDC8F43B2C2F1C98006235E5 /* Build configuration list for PBXProject "PaginationWithThread" */ = {
			isa = XCConfigurationList;
			buildConfigurations = (
				BDC8F4682C2F1C9A006235E5 /* Debug */,
				BDC8F4692C2F1C9A006235E5 /* Release */,
			);
			defaultConfigurationIsVisible = 0;
			defaultConfigurationName = Release;
		};
		BDC8F46A2C2F1C9A006235E5 /* Build configuration list for PBXNativeTarget "PaginationWithThread" */ = {
			isa = XCConfigurationList;
			buildConfigurations = (
				BDC8F46B2C2F1C9A006235E5 /* Debug */,
				BDC8F46C2C2F1C9A006235E5 /* Release */,
			);
			defaultConfigurationIsVisible = 0;
			defaultConfigurationName = Release;
		};
		BDC8F46D2C2F1C9A006235E5 /* Build configuration list for PBXNativeTarget "PaginationWithThreadTests" */ = {
			isa = XCConfigurationList;
			buildConfigurations = (
				BDC8F46E2C2F1C9A006235E5 /* Debug */,
				BDC8F46F2C2F1C9A006235E5 /* Release */,
			);
			defaultConfigurationIsVisible = 0;
			defaultConfigurationName = Release;
		};
		BDC8F4702C2F1C9A006235E5 /* Build configuration list for PBXNativeTarget "PaginationWithThreadUITests" */ = {
			isa = XCConfigurationList;
			buildConfigurations = (
				BDC8F4712C2F1C9A006235E5 /* Debug */,
				BDC8F4722C2F1C9A006235E5 /* Release */,
			);
			defaultConfigurationIsVisible = 0;
			defaultConfigurationName = Release;
		};
/* End XCConfigurationList section */
	};
	rootObject = BDC8F4382C2F1C98006235E5 /* Project object */;
}
